
Microsoft Visual Studio Solution File, Format Version 12.00
# Visual Studio Version 16
VisualStudioVersion = 16.0.31515.178
MinimumVisualStudioVersion = 10.0.40219.1
Project("{FAE04EC0-301F-11D3-BF4B-00C04F79EFBC}") = "Exam-Project", "Exam-Project\Exam-Project.csproj", "{B36F1794-0709-415B-8A00-6A5689F43B17}"
EndProject
Global
	GlobalSection(SolutionConfigurationPlatforms) = preSolution
		Debug|Any CPU = Debug|Any CPU
		Release|Any CPU = Release|Any CPU
	EndGlobalSection
	GlobalSection(ProjectConfigurationPlatforms) = postSolution
		{B36F1794-0709-415B-8A00-6A5689F43B17}.Debug|Any CPU.ActiveCfg = Debug|Any CPU
		{B36F1794-0709-415B-8A00-6A5689F43B17}.Debug|Any CPU.Build.0 = Debug|Any CPU
		{B36F1794-0709-415B-8A00-6A5689F43B17}.Release|Any CPU.ActiveCfg = Release|Any CPU
		{B36F1794-0709-415B-8A00-6A5689F43B17}.Release|Any CPU.Build.0 = Release|Any CPU
	EndGlobalSection
	GlobalSection(SolutionProperties) = preSolution
		HideSolutionNode = FALSE
	EndGlobalSection
	GlobalSection(ExtensibilityGlobals) = postSolution
		SolutionGuid = {7A54A5B2-D64F-4444-AEC6-C789A8542DCA}
	EndGlobalSection
EndGlobal
